
Microsoft Visual Studio Solution File, Format Version 12.00
# Visual Studio Version 16
VisualStudioVersion = 16.0.34407.143
MinimumVisualStudioVersion = 10.0.40219.1
Project("{FAE04EC0-301F-11D3-BF4B-00C04F79EFBC}") = "John_Russo_linq_database_209", "John_Russo_linq_database_209.csproj", "{CD178C3E-703F-46E4-BD1B-33AC99F23FF8}"
EndProject
Global
	GlobalSection(SolutionConfigurationPlatforms) = preSolution
		Debug|Any CPU = Debug|Any CPU
		Release|Any CPU = Release|Any CPU
	EndGlobalSection
	GlobalSection(ProjectConfigurationPlatforms) = postSolution
		{CD178C3E-703F-46E4-BD1B-33AC99F23FF8}.Debug|Any CPU.ActiveCfg = Debug|Any CPU
		{CD178C3E-703F-46E4-BD1B-33AC99F23FF8}.Debug|Any CPU.Build.0 = Debug|Any CPU
		{CD178C3E-703F-46E4-BD1B-33AC99F23FF8}.Release|Any CPU.ActiveCfg = Release|Any CPU
		{CD178C3E-703F-46E4-BD1B-33AC99F23FF8}.Release|Any CPU.Build.0 = Release|Any CPU
	EndGlobalSection
	GlobalSection(SolutionProperties) = preSolution
		HideSolutionNode = FALSE
	EndGlobalSection
	GlobalSection(ExtensibilityGlobals) = postSolution
		SolutionGuid = {935FA5B2-BA1B-4746-A7C0-089C1BEDF841}
	EndGlobalSection
EndGlobal
